
Microsoft Visual Studio Solution File, Format Version 12.00
# Visual Studio 15
VisualStudioVersion = 15.0.27428.2002
MinimumVisualStudioVersion = 10.0.40219.1
Project("{FAE04EC0-301F-11D3-BF4B-00C04F79EFBC}") = "Maze", "Maze\Maze.csproj", "{062FB6EA-A496-43D7-9020-09F815D0E203}"
EndProject
Global
	GlobalSection(SolutionConfigurationPlatforms) = preSolution
		Debug|Any CPU = Debug|Any CPU
		Release|Any CPU = Release|Any CPU
	EndGlobalSection
	GlobalSection(ProjectConfigurationPlatforms) = postSolution
		{062FB6EA-A496-43D7-9020-09F815D0E203}.Debug|Any CPU.ActiveCfg = Debug|Any CPU
		{062FB6EA-A496-43D7-9020-09F815D0E203}.Debug|Any CPU.Build.0 = Debug|Any CPU
		{062FB6EA-A496-43D7-9020-09F815D0E203}.Release|Any CPU.ActiveCfg = Release|Any CPU
		{062FB6EA-A496-43D7-9020-09F815D0E203}.Release|Any CPU.Build.0 = Release|Any CPU
	EndGlobalSection
	GlobalSection(SolutionProperties) = preSolution
		HideSolutionNode = FALSE
	EndGlobalSection
	GlobalSection(ExtensibilityGlobals) = postSolution
		SolutionGuid = {8AAF07E3-587A-471F-BB61-A3779A1F9424}
	EndGlobalSection
EndGlobal
